# THIS IS AN AUTOGENERATED FILE. DO NOT EDIT THIS FILE DIRECTLY.
# yarn lockfile v1


breeze@0.4.x:
  version "0.4.0"
  resolved "https://registry.yarnpkg.com/breeze/-/breeze-0.4.0.tgz#de70bc3ab235a775f59e7d6ee97f4e9023140571"
  integrity sha1-3nC8OrI1p3X1nn1u6X9OkCMUBXE=

dragonfly@0.2.x:
  version "0.2.1"
  resolved "https://registry.yarnpkg.com/dragonfly/-/dragonfly-0.2.1.tgz#d2709d0a842c80147be733e209279e0bb5625717"
  integrity sha1-0nCdCoQsgBR75zPiCSeeC7ViVxc=

drip@0.3.x:
  version "0.3.1"
  resolved "https://registry.yarnpkg.com/drip/-/drip-0.3.1.tgz#a690a12c0ae2299046558f94cad1475d36746486"
  integrity sha1-ppChLAriKZBGVY+UytFHXTZ0ZIY=

filtr@0.3.x:
  version "0.3.0"
  resolved "https://registry.yarnpkg.com/filtr/-/filtr-0.3.0.tgz#957f8382e72a9efd97502150aa8cc6f488f9c62c"
  integrity sha1-lX+Dgucqnv2XUCFQqozG9Ij5xiw=

oath@0.2.x:
  version "0.2.3"
  resolved "https://registry.yarnpkg.com/oath/-/oath-0.2.3.tgz#cd44fc6124fcf9cb65aca60eba05c51f3da0019e"
  integrity sha1-zUT8YST8+ctlrKYOugXFHz2gAZ4=

seed@^0.4.4:
  version "0.4.4"
  resolved "https://registry.yarnpkg.com/seed/-/seed-0.4.4.tgz#750c371289d94527c6eb6541d85a8d81bd93d2f3"
  integrity sha1-dQw3EonZRSfG62VB2FqNgb2T0vM=
  dependencies:
    breeze "0.4.x"
    dragonfly "0.2.x"
    drip "0.3.x"
    filtr "0.3.x"
    oath "0.2.x"
    sol "0.3.x"
    super "0.2.x"

sol@0.3.x:
  version "0.3.0"
  resolved "https://registry.yarnpkg.com/sol/-/sol-0.3.0.tgz#99ded0367e5d58b4c5bf4f873260a7a1ea8fd611"
  integrity sha1-md7QNn5dWLTFv0+HMmCnoeqP1hE=

super@0.2.x:
  version "0.2.3"
  resolved "https://registry.yarnpkg.com/super/-/super-0.2.3.tgz#a6695c1dce00ff58432a63e8b9ce268932b42c61"
  integrity sha1-pmlcHc4A/1hDKmPouc4miTK0LGE=
